
Microsoft Visual Studio Solution File, Format Version 12.00
# Visual Studio 15
VisualStudioVersion = 15.0.27428.2027
MinimumVisualStudioVersion = 10.0.40219.1
Project("{FAE04EC0-301F-11D3-BF4B-00C04F79EFBC}") = "WpfExtensions", "WpfExtensions\WpfExtensions.csproj", "{8C06AE8D-6384-4F03-AC97-61F9B998063D}"
EndProject
Project("{FAE04EC0-301F-11D3-BF4B-00C04F79EFBC}") = "University", "University\University.csproj", "{C4FCC7FE-0FE6-44FD-83F7-4858F9374575}"
EndProject
Project("{FAE04EC0-301F-11D3-BF4B-00C04F79EFBC}") = "ResourceLibrary", "ResourceLibrary\ResourceLibrary.csproj", "{4A97DE8A-9743-4A12-B831-775CB6A364B9}"
EndProject
Project("{FAE04EC0-301F-11D3-BF4B-00C04F79EFBC}") = "Data", "Data\Data.csproj", "{48ADCD34-9031-4605-9DF8-EC6C04CF801D}"
EndProject
Project("{FAE04EC0-301F-11D3-BF4B-00C04F79EFBC}") = "Processing", "Processing\Processing.csproj", "{0EFE7D12-44FC-42C6-AD3A-9B57F523DF97}"
EndProject
Global
	GlobalSection(SolutionConfigurationPlatforms) = preSolution
		Debug|Any CPU = Debug|Any CPU
		Debug|x64 = Debug|x64
		Release|Any CPU = Release|Any CPU
		Release|x64 = Release|x64
	EndGlobalSection
	GlobalSection(ProjectConfigurationPlatforms) = postSolution
		{8C06AE8D-6384-4F03-AC97-61F9B998063D}.Debug|Any CPU.ActiveCfg = Debug|Any CPU
		{8C06AE8D-6384-4F03-AC97-61F9B998063D}.Debug|Any CPU.Build.0 = Debug|Any CPU
		{8C06AE8D-6384-4F03-AC97-61F9B998063D}.Debug|x64.ActiveCfg = Debug|Any CPU
		{8C06AE8D-6384-4F03-AC97-61F9B998063D}.Debug|x64.Build.0 = Debug|Any CPU
		{8C06AE8D-6384-4F03-AC97-61F9B998063D}.Release|Any CPU.ActiveCfg = Release|Any CPU
		{8C06AE8D-6384-4F03-AC97-61F9B998063D}.Release|Any CPU.Build.0 = Release|Any CPU
		{8C06AE8D-6384-4F03-AC97-61F9B998063D}.Release|x64.ActiveCfg = Release|Any CPU
		{8C06AE8D-6384-4F03-AC97-61F9B998063D}.Release|x64.Build.0 = Release|Any CPU
		{C4FCC7FE-0FE6-44FD-83F7-4858F9374575}.Debug|Any CPU.ActiveCfg = Debug|Any CPU
		{C4FCC7FE-0FE6-44FD-83F7-4858F9374575}.Debug|Any CPU.Build.0 = Debug|Any CPU
		{C4FCC7FE-0FE6-44FD-83F7-4858F9374575}.Debug|x64.ActiveCfg = Debug|Any CPU
		{C4FCC7FE-0FE6-44FD-83F7-4858F9374575}.Debug|x64.Build.0 = Debug|Any CPU
		{C4FCC7FE-0FE6-44FD-83F7-4858F9374575}.Release|Any CPU.ActiveCfg = Release|Any CPU
		{C4FCC7FE-0FE6-44FD-83F7-4858F9374575}.Release|Any CPU.Build.0 = Release|Any CPU
		{C4FCC7FE-0FE6-44FD-83F7-4858F9374575}.Release|x64.ActiveCfg = Release|Any CPU
		{C4FCC7FE-0FE6-44FD-83F7-4858F9374575}.Release|x64.Build.0 = Release|Any CPU
		{4A97DE8A-9743-4A12-B831-775CB6A364B9}.Debug|Any CPU.ActiveCfg = Debug|Any CPU
		{4A97DE8A-9743-4A12-B831-775CB6A364B9}.Debug|Any CPU.Build.0 = Debug|Any CPU
		{4A97DE8A-9743-4A12-B831-775CB6A364B9}.Debug|x64.ActiveCfg = Debug|x64
		{4A97DE8A-9743-4A12-B831-775CB6A364B9}.Debug|x64.Build.0 = Debug|x64
		{4A97DE8A-9743-4A12-B831-775CB6A364B9}.Release|Any CPU.ActiveCfg = Release|Any CPU
		{4A97DE8A-9743-4A12-B831-775CB6A364B9}.Release|Any CPU.Build.0 = Release|Any CPU
		{4A97DE8A-9743-4A12-B831-775CB6A364B9}.Release|x64.ActiveCfg = Release|x64
		{4A97DE8A-9743-4A12-B831-775CB6A364B9}.Release|x64.Build.0 = Release|x64
		{48ADCD34-9031-4605-9DF8-EC6C04CF801D}.Debug|Any CPU.ActiveCfg = Debug|Any CPU
		{48ADCD34-9031-4605-9DF8-EC6C04CF801D}.Debug|Any CPU.Build.0 = Debug|Any CPU
		{48ADCD34-9031-4605-9DF8-EC6C04CF801D}.Debug|x64.ActiveCfg = Debug|Any CPU
		{48ADCD34-9031-4605-9DF8-EC6C04CF801D}.Debug|x64.Build.0 = Debug|Any CPU
		{48ADCD34-9031-4605-9DF8-EC6C04CF801D}.Release|Any CPU.ActiveCfg = Release|Any CPU
		{48ADCD34-9031-4605-9DF8-EC6C04CF801D}.Release|Any CPU.Build.0 = Release|Any CPU
		{48ADCD34-9031-4605-9DF8-EC6C04CF801D}.Release|x64.ActiveCfg = Release|Any CPU
		{48ADCD34-9031-4605-9DF8-EC6C04CF801D}.Release|x64.Build.0 = Release|Any CPU
		{0EFE7D12-44FC-42C6-AD3A-9B57F523DF97}.Debug|Any CPU.ActiveCfg = Debug|Any CPU
		{0EFE7D12-44FC-42C6-AD3A-9B57F523DF97}.Debug|Any CPU.Build.0 = Debug|Any CPU
		{0EFE7D12-44FC-42C6-AD3A-9B57F523DF97}.Debug|x64.ActiveCfg = Debug|Any CPU
		{0EFE7D12-44FC-42C6-AD3A-9B57F523DF97}.Debug|x64.Build.0 = Debug|Any CPU
		{0EFE7D12-44FC-42C6-AD3A-9B57F523DF97}.Release|Any CPU.ActiveCfg = Release|Any CPU
		{0EFE7D12-44FC-42C6-AD3A-9B57F523DF97}.Release|Any CPU.Build.0 = Release|Any CPU
		{0EFE7D12-44FC-42C6-AD3A-9B57F523DF97}.Release|x64.ActiveCfg = Release|Any CPU
		{0EFE7D12-44FC-42C6-AD3A-9B57F523DF97}.Release|x64.Build.0 = Release|Any CPU
	EndGlobalSection
	GlobalSection(SolutionProperties) = preSolution
		HideSolutionNode = FALSE
	EndGlobalSection
	GlobalSection(ExtensibilityGlobals) = postSolution
		SolutionGuid = {E3570B51-8451-483B-A60E-F53C6CBE06F1}
	EndGlobalSection
EndGlobal
